<?xml version="1.0" encoding="utf-8"?>
<Project ToolsVersion="4.0" xmlns="http://schemas.microsoft.com/developer/msbuild/2003">
  <ItemGroup>
    <Filter Include="Framework">
      <UniqueIdentifier>{1362EE31-7FCC-A2A8-C80A-544E34B480FD}</UniqueIdentifier>
    </Filter>
    <Filter Include="Systems">
      <UniqueIdentifier>{1DDE831B-89BD-02B7-92D5-8D8DFE336918}</UniqueIdentifier>
    </Filter>
    <Filter Include="Systems\Messages">
      <UniqueIdentifier>{6404E943-50FD-0796-792F-ED1A6587E7A1}</UniqueIdentifier>
    </Filter>
  </ItemGroup>
  <ItemGroup>
    <ClInclude Include="Source\DeltaRuined.hpp" />
    <ClInclude Include="Source\Framework\ButtonCodes.hpp">
      <Filter>Framework</Filter>
    </ClInclude>
    <ClInclude Include="Source\Framework\Input.hpp">
      <Filter>Framework</Filter>
    </ClInclude>
    <ClInclude Include="Source\Framework\InputCodes.hpp">
      <Filter>Framework</Filter>
    </ClInclude>
    <ClInclude Include="Source\Framework\Log.hpp">
      <Filter>Framework</Filter>
    </ClInclude>
    <ClInclude Include="Source\Framework\Window.hpp">
      <Filter>Framework</Filter>
    </ClInclude>
    <ClInclude Include="Source\Game.hpp" />
    <ClInclude Include="Source\GameEngine.hpp" />
    <ClInclude Include="Source\Systems\InputSystem.hpp">
      <Filter>Systems</Filter>
    </ClInclude>
    <ClInclude Include="Source\Systems\MessageBus.hpp">
      <Filter>Systems</Filter>
    </ClInclude>
    <ClInclude Include="Source\Systems\Messages\ConsoleMessage.hpp">
      <Filter>Systems\Messages</Filter>
    </ClInclude>
    <ClInclude Include="Source\Systems\Messages\KeyMessage.hpp">
      <Filter>Systems\Messages</Filter>
    </ClInclude>
    <ClInclude Include="Source\Systems\Messages\Message.hpp">
      <Filter>Systems\Messages</Filter>
    </ClInclude>
    <ClInclude Include="Source\Systems\Messages\MessageCategory.hpp">
      <Filter>Systems\Messages</Filter>
    </ClInclude>
    <ClInclude Include="Source\Systems\Messages\MessageMacro.hpp">
      <Filter>Systems\Messages</Filter>
    </ClInclude>
    <ClInclude Include="Source\Systems\Messages\MessageType.hpp">
      <Filter>Systems\Messages</Filter>
    </ClInclude>
    <ClInclude Include="Source\Systems\Messages\MouseMessage.hpp">
      <Filter>Systems\Messages</Filter>
    </ClInclude>
    <ClInclude Include="Source\Systems\SystemBase.hpp">
      <Filter>Systems</Filter>
    </ClInclude>
    <ClInclude Include="Source\pch.hpp" />
  </ItemGroup>
  <ItemGroup>
    <ClCompile Include="Source\DeltaRuined.cpp" />
    <ClCompile Include="Source\Framework\Input.cpp">
      <Filter>Framework</Filter>
    </ClCompile>
    <ClCompile Include="Source\Framework\Log.cpp">
      <Filter>Framework</Filter>
    </ClCompile>
    <ClCompile Include="Source\Framework\Window.cpp">
      <Filter>Framework</Filter>
    </ClCompile>
    <ClCompile Include="Source\GameEngine.cpp" />
    <ClCompile Include="Source\Systems\InputSystem.cpp">
      <Filter>Systems</Filter>
    </ClCompile>
    <ClCompile Include="Source\Systems\MessageBus.cpp">
      <Filter>Systems</Filter>
    </ClCompile>
    <ClCompile Include="Source\pch.cpp" />
  </ItemGroup>
</Project>